
Microsoft Visual Studio Solution File, Format Version 12.00
# Visual Studio Version 17
VisualStudioVersion = 17.9.34902.65
MinimumVisualStudioVersion = 10.0.40219.1
Project("{FAE04EC0-301F-11D3-BF4B-00C04F79EFBC}") = "projetoFuji", "projetoFuji\projetoFuji.csproj", "{B488B601-4D64-4866-BCBE-3D2D0B5C6B57}"
EndProject
Global
	GlobalSection(SolutionConfigurationPlatforms) = preSolution
		Debug|Any CPU = Debug|Any CPU
		Release|Any CPU = Release|Any CPU
	EndGlobalSection
	GlobalSection(ProjectConfigurationPlatforms) = postSolution
		{B488B601-4D64-4866-BCBE-3D2D0B5C6B57}.Debug|Any CPU.ActiveCfg = Debug|Any CPU
		{B488B601-4D64-4866-BCBE-3D2D0B5C6B57}.Debug|Any CPU.Build.0 = Debug|Any CPU
		{B488B601-4D64-4866-BCBE-3D2D0B5C6B57}.Release|Any CPU.ActiveCfg = Release|Any CPU
		{B488B601-4D64-4866-BCBE-3D2D0B5C6B57}.Release|Any CPU.Build.0 = Release|Any CPU
	EndGlobalSection
	GlobalSection(SolutionProperties) = preSolution
		HideSolutionNode = FALSE
	EndGlobalSection
	GlobalSection(ExtensibilityGlobals) = postSolution
		SolutionGuid = {BA7D5274-6535-4A34-924D-625CD6AC67C7}
	EndGlobalSection
EndGlobal
